
Microsoft Visual Studio Solution File, Format Version 12.00
# Visual Studio Version 16
VisualStudioVersion = 16.0.30907.101
MinimumVisualStudioVersion = 10.0.40219.1
Project("{888888A0-9F3D-457C-B088-3A5042F75D52}") = "Actividad5.BD", "Actividad5.BD.pyproj", "{9839F0F2-F6D2-4123-99CF-92CAC7DDCB73}"
EndProject
Global
	GlobalSection(SolutionConfigurationPlatforms) = preSolution
		Debug|Any CPU = Debug|Any CPU
		Release|Any CPU = Release|Any CPU
	EndGlobalSection
	GlobalSection(ProjectConfigurationPlatforms) = postSolution
		{9839F0F2-F6D2-4123-99CF-92CAC7DDCB73}.Debug|Any CPU.ActiveCfg = Debug|Any CPU
		{9839F0F2-F6D2-4123-99CF-92CAC7DDCB73}.Release|Any CPU.ActiveCfg = Release|Any CPU
	EndGlobalSection
	GlobalSection(SolutionProperties) = preSolution
		HideSolutionNode = FALSE
	EndGlobalSection
	GlobalSection(ExtensibilityGlobals) = postSolution
		SolutionGuid = {016EB2D5-5279-4A3D-B4BC-200AFD902B46}
	EndGlobalSection
EndGlobal
